
Microsoft Visual Studio Solution File, Format Version 12.00
# Visual Studio Version 17
VisualStudioVersion = 17.3.32929.385
MinimumVisualStudioVersion = 10.0.40219.1
Project("{9A19103F-16F7-4668-BE54-9A1E7A4F7556}") = "ex1.1", "ex1.1\ex1.1.csproj", "{E80D0B9F-6550-40F7-8B75-93523F1F60B8}"
EndProject
Project("{9A19103F-16F7-4668-BE54-9A1E7A4F7556}") = "ex2.7", "ex2.7\ex2.7.csproj", "{7FE911CB-2190-4F3A-9D4F-652BADFDFB62}"
EndProject
Project("{9A19103F-16F7-4668-BE54-9A1E7A4F7556}") = "TesterEtConvertirUnStringVersNumerique", "..\TesterEtConvertirUnStringVersNumerique\TesterEtConvertirUnStringVersNumerique.csproj", "{4437FB60-7B7B-44C8-8081-FAAD34CD5229}"
EndProject
Project("{9A19103F-16F7-4668-BE54-9A1E7A4F7556}") = "Ex1.2", "Ex1.2\Ex1.2.csproj", "{BD4DAD04-344A-4239-96B8-9B95463BF7F3}"
EndProject
Project("{9A19103F-16F7-4668-BE54-9A1E7A4F7556}") = "ex2.4", "ex2.4\ex2.4.csproj", "{64A3CF67-1DCD-4E5C-8DE2-E51AF0F11324}"
EndProject
Project("{9A19103F-16F7-4668-BE54-9A1E7A4F7556}") = "Ex1.3", "Ex1.3\Ex1.3.csproj", "{0D24565F-7B17-4D04-87F5-5CAEB87D7EB8}"
EndProject
Project("{9A19103F-16F7-4668-BE54-9A1E7A4F7556}") = "Ex1.4", "Ex1.4\Ex1.4.csproj", "{711BD8B6-D4B5-4D1F-9CE6-247706AB6477}"
EndProject
Project("{9A19103F-16F7-4668-BE54-9A1E7A4F7556}") = "Ex1.5", "Ex1.5\Ex1.5.csproj", "{24A39744-A8C9-4A9D-BB26-564B9F33322A}"
EndProject
Project("{9A19103F-16F7-4668-BE54-9A1E7A4F7556}") = "ex2.1", "ex2.1\ex2.1.csproj", "{F73396CF-0762-47ED-967B-DE3C8EE485C3}"
EndProject
Project("{9A19103F-16F7-4668-BE54-9A1E7A4F7556}") = "ex3.1", "ex3.1\ex3.1.csproj", "{37A50330-0FFC-4103-8C0C-44A7CD1ED06B}"
EndProject
Project("{9A19103F-16F7-4668-BE54-9A1E7A4F7556}") = "ex2.2", "ex2.2\ex2.2.csproj", "{CDB60CD1-87B0-4522-8119-D53C2A635DAC}"
EndProject
Project("{9A19103F-16F7-4668-BE54-9A1E7A4F7556}") = "ex2.3", "ex2.3\ex2.3.csproj", "{2E16D67C-99F0-4465-876B-D91DFFAD7CCD}"
EndProject
Project("{9A19103F-16F7-4668-BE54-9A1E7A4F7556}") = "Ex2_5", "Ex2.5\Ex2_5.csproj", "{BE6D1C11-22B7-4D65-B2D1-5A058D066115}"
EndProject
Project("{9A19103F-16F7-4668-BE54-9A1E7A4F7556}") = "ex2.6", "ex2.6\ex2.6.csproj", "{EC28E089-7E68-41E7-94F8-A2345ECB0ED1}"
EndProject
Project("{9A19103F-16F7-4668-BE54-9A1E7A4F7556}") = "Hangman", "Hangman\Hangman.csproj", "{BCE6B39C-2B45-4391-AB53-23EF546CB649}"
EndProject
Project("{FAE04EC0-301F-11D3-BF4B-00C04F79EFBC}") = "CollectionTableauApp", "CollectionTableauApp\CollectionTableauApp.csproj", "{685D8B17-19F4-4088-80B0-2999BB6F70D9}"
EndProject
Project("{FAE04EC0-301F-11D3-BF4B-00C04F79EFBC}") = "ListApp", "ListApp\ListApp.csproj", "{FF815C2A-7D49-47C3-BCD3-8692A34ADCE5}"
EndProject
Project("{FAE04EC0-301F-11D3-BF4B-00C04F79EFBC}") = "NombrePremier ex2.6", "NombrePremier ex2.6\NombrePremier ex2.6.csproj", "{4B8B5AA3-6015-4EFE-9253-BACFCEDED04C}"
EndProject
Project("{FAE04EC0-301F-11D3-BF4B-00C04F79EFBC}") = "ex2.5version2", "ex2.5version2\ex2.5version2.csproj", "{6E1229C5-BDCF-4EA4-B19B-F56F27B558D0}"
EndProject
Project("{FAE04EC0-301F-11D3-BF4B-00C04F79EFBC}") = "NombreParfait", "NombreParfait\NombreParfait.csproj", "{9891D869-3CE6-41D9-A04F-E2CCD7F2DBBB}"
EndProject
Project("{FAE04EC0-301F-11D3-BF4B-00C04F79EFBC}") = "Vegetables", "Vegetables\Vegetables.csproj", "{CC72C58F-8170-4A36-BF8D-C2E55884EFF8}"
EndProject
Project("{FAE04EC0-301F-11D3-BF4B-00C04F79EFBC}") = "ex2_7ConvKm", "ex2_7ConvKm\ex2_7ConvKm.csproj", "{B4945D05-1090-423D-97D4-27ED5611084E}"
EndProject
Project("{FAE04EC0-301F-11D3-BF4B-00C04F79EFBC}") = "JalonAlgoFibonacci", "JalonAlgoFibonacci\JalonAlgoFibonacci.csproj", "{C5CA8FB3-C8AD-46A9-B081-7A117BA6CA1A}"
EndProject
Global
	GlobalSection(SolutionConfigurationPlatforms) = preSolution
		Debug|Any CPU = Debug|Any CPU
		Release|Any CPU = Release|Any CPU
	EndGlobalSection
	GlobalSection(ProjectConfigurationPlatforms) = postSolution
		{E80D0B9F-6550-40F7-8B75-93523F1F60B8}.Debug|Any CPU.ActiveCfg = Debug|Any CPU
		{E80D0B9F-6550-40F7-8B75-93523F1F60B8}.Debug|Any CPU.Build.0 = Debug|Any CPU
		{E80D0B9F-6550-40F7-8B75-93523F1F60B8}.Release|Any CPU.ActiveCfg = Release|Any CPU
		{E80D0B9F-6550-40F7-8B75-93523F1F60B8}.Release|Any CPU.Build.0 = Release|Any CPU
		{7FE911CB-2190-4F3A-9D4F-652BADFDFB62}.Debug|Any CPU.ActiveCfg = Debug|Any CPU
		{7FE911CB-2190-4F3A-9D4F-652BADFDFB62}.Debug|Any CPU.Build.0 = Debug|Any CPU
		{7FE911CB-2190-4F3A-9D4F-652BADFDFB62}.Release|Any CPU.ActiveCfg = Release|Any CPU
		{7FE911CB-2190-4F3A-9D4F-652BADFDFB62}.Release|Any CPU.Build.0 = Release|Any CPU
		{4437FB60-7B7B-44C8-8081-FAAD34CD5229}.Debug|Any CPU.ActiveCfg = Debug|Any CPU
		{4437FB60-7B7B-44C8-8081-FAAD34CD5229}.Debug|Any CPU.Build.0 = Debug|Any CPU
		{4437FB60-7B7B-44C8-8081-FAAD34CD5229}.Release|Any CPU.ActiveCfg = Release|Any CPU
		{4437FB60-7B7B-44C8-8081-FAAD34CD5229}.Release|Any CPU.Build.0 = Release|Any CPU
		{BD4DAD04-344A-4239-96B8-9B95463BF7F3}.Debug|Any CPU.ActiveCfg = Debug|Any CPU
		{BD4DAD04-344A-4239-96B8-9B95463BF7F3}.Debug|Any CPU.Build.0 = Debug|Any CPU
		{BD4DAD04-344A-4239-96B8-9B95463BF7F3}.Release|Any CPU.ActiveCfg = Release|Any CPU
		{BD4DAD04-344A-4239-96B8-9B95463BF7F3}.Release|Any CPU.Build.0 = Release|Any CPU
		{64A3CF67-1DCD-4E5C-8DE2-E51AF0F11324}.Debug|Any CPU.ActiveCfg = Debug|Any CPU
		{64A3CF67-1DCD-4E5C-8DE2-E51AF0F11324}.Debug|Any CPU.Build.0 = Debug|Any CPU
		{64A3CF67-1DCD-4E5C-8DE2-E51AF0F11324}.Release|Any CPU.ActiveCfg = Release|Any CPU
		{64A3CF67-1DCD-4E5C-8DE2-E51AF0F11324}.Release|Any CPU.Build.0 = Release|Any CPU
		{0D24565F-7B17-4D04-87F5-5CAEB87D7EB8}.Debug|Any CPU.ActiveCfg = Debug|Any CPU
		{0D24565F-7B17-4D04-87F5-5CAEB87D7EB8}.Debug|Any CPU.Build.0 = Debug|Any CPU
		{0D24565F-7B17-4D04-87F5-5CAEB87D7EB8}.Release|Any CPU.ActiveCfg = Release|Any CPU
		{0D24565F-7B17-4D04-87F5-5CAEB87D7EB8}.Release|Any CPU.Build.0 = Release|Any CPU
		{711BD8B6-D4B5-4D1F-9CE6-247706AB6477}.Debug|Any CPU.ActiveCfg = Debug|Any CPU
		{711BD8B6-D4B5-4D1F-9CE6-247706AB6477}.Debug|Any CPU.Build.0 = Debug|Any CPU
		{711BD8B6-D4B5-4D1F-9CE6-247706AB6477}.Release|Any CPU.ActiveCfg = Release|Any CPU
		{711BD8B6-D4B5-4D1F-9CE6-247706AB6477}.Release|Any CPU.Build.0 = Release|Any CPU
		{24A39744-A8C9-4A9D-BB26-564B9F33322A}.Debug|Any CPU.ActiveCfg = Debug|Any CPU
		{24A39744-A8C9-4A9D-BB26-564B9F33322A}.Debug|Any CPU.Build.0 = Debug|Any CPU
		{24A39744-A8C9-4A9D-BB26-564B9F33322A}.Release|Any CPU.ActiveCfg = Release|Any CPU
		{24A39744-A8C9-4A9D-BB26-564B9F33322A}.Release|Any CPU.Build.0 = Release|Any CPU
		{F73396CF-0762-47ED-967B-DE3C8EE485C3}.Debug|Any CPU.ActiveCfg = Debug|Any CPU
		{F73396CF-0762-47ED-967B-DE3C8EE485C3}.Debug|Any CPU.Build.0 = Debug|Any CPU
		{F73396CF-0762-47ED-967B-DE3C8EE485C3}.Release|Any CPU.ActiveCfg = Release|Any CPU
		{F73396CF-0762-47ED-967B-DE3C8EE485C3}.Release|Any CPU.Build.0 = Release|Any CPU
		{37A50330-0FFC-4103-8C0C-44A7CD1ED06B}.Debug|Any CPU.ActiveCfg = Debug|Any CPU
		{37A50330-0FFC-4103-8C0C-44A7CD1ED06B}.Debug|Any CPU.Build.0 = Debug|Any CPU
		{37A50330-0FFC-4103-8C0C-44A7CD1ED06B}.Release|Any CPU.ActiveCfg = Release|Any CPU
		{37A50330-0FFC-4103-8C0C-44A7CD1ED06B}.Release|Any CPU.Build.0 = Release|Any CPU
		{CDB60CD1-87B0-4522-8119-D53C2A635DAC}.Debug|Any CPU.ActiveCfg = Debug|Any CPU
		{CDB60CD1-87B0-4522-8119-D53C2A635DAC}.Debug|Any CPU.Build.0 = Debug|Any CPU
		{CDB60CD1-87B0-4522-8119-D53C2A635DAC}.Release|Any CPU.ActiveCfg = Release|Any CPU
		{CDB60CD1-87B0-4522-8119-D53C2A635DAC}.Release|Any CPU.Build.0 = Release|Any CPU
		{2E16D67C-99F0-4465-876B-D91DFFAD7CCD}.Debug|Any CPU.ActiveCfg = Debug|Any CPU
		{2E16D67C-99F0-4465-876B-D91DFFAD7CCD}.Debug|Any CPU.Build.0 = Debug|Any CPU
		{2E16D67C-99F0-4465-876B-D91DFFAD7CCD}.Release|Any CPU.ActiveCfg = Release|Any CPU
		{2E16D67C-99F0-4465-876B-D91DFFAD7CCD}.Release|Any CPU.Build.0 = Release|Any CPU
		{BE6D1C11-22B7-4D65-B2D1-5A058D066115}.Debug|Any CPU.ActiveCfg = Debug|Any CPU
		{BE6D1C11-22B7-4D65-B2D1-5A058D066115}.Debug|Any CPU.Build.0 = Debug|Any CPU
		{BE6D1C11-22B7-4D65-B2D1-5A058D066115}.Release|Any CPU.ActiveCfg = Release|Any CPU
		{BE6D1C11-22B7-4D65-B2D1-5A058D066115}.Release|Any CPU.Build.0 = Release|Any CPU
		{EC28E089-7E68-41E7-94F8-A2345ECB0ED1}.Debug|Any CPU.ActiveCfg = Debug|Any CPU
		{EC28E089-7E68-41E7-94F8-A2345ECB0ED1}.Debug|Any CPU.Build.0 = Debug|Any CPU
		{EC28E089-7E68-41E7-94F8-A2345ECB0ED1}.Release|Any CPU.ActiveCfg = Release|Any CPU
		{EC28E089-7E68-41E7-94F8-A2345ECB0ED1}.Release|Any CPU.Build.0 = Release|Any CPU
		{BCE6B39C-2B45-4391-AB53-23EF546CB649}.Debug|Any CPU.ActiveCfg = Debug|Any CPU
		{BCE6B39C-2B45-4391-AB53-23EF546CB649}.Debug|Any CPU.Build.0 = Debug|Any CPU
		{BCE6B39C-2B45-4391-AB53-23EF546CB649}.Release|Any CPU.ActiveCfg = Release|Any CPU
		{BCE6B39C-2B45-4391-AB53-23EF546CB649}.Release|Any CPU.Build.0 = Release|Any CPU
		{685D8B17-19F4-4088-80B0-2999BB6F70D9}.Debug|Any CPU.ActiveCfg = Debug|Any CPU
		{685D8B17-19F4-4088-80B0-2999BB6F70D9}.Debug|Any CPU.Build.0 = Debug|Any CPU
		{685D8B17-19F4-4088-80B0-2999BB6F70D9}.Release|Any CPU.ActiveCfg = Release|Any CPU
		{685D8B17-19F4-4088-80B0-2999BB6F70D9}.Release|Any CPU.Build.0 = Release|Any CPU
		{FF815C2A-7D49-47C3-BCD3-8692A34ADCE5}.Debug|Any CPU.ActiveCfg = Debug|Any CPU
		{FF815C2A-7D49-47C3-BCD3-8692A34ADCE5}.Debug|Any CPU.Build.0 = Debug|Any CPU
		{FF815C2A-7D49-47C3-BCD3-8692A34ADCE5}.Release|Any CPU.ActiveCfg = Release|Any CPU
		{FF815C2A-7D49-47C3-BCD3-8692A34ADCE5}.Release|Any CPU.Build.0 = Release|Any CPU
		{4B8B5AA3-6015-4EFE-9253-BACFCEDED04C}.Debug|Any CPU.ActiveCfg = Debug|Any CPU
		{4B8B5AA3-6015-4EFE-9253-BACFCEDED04C}.Debug|Any CPU.Build.0 = Debug|Any CPU
		{4B8B5AA3-6015-4EFE-9253-BACFCEDED04C}.Release|Any CPU.ActiveCfg = Release|Any CPU
		{4B8B5AA3-6015-4EFE-9253-BACFCEDED04C}.Release|Any CPU.Build.0 = Release|Any CPU
		{6E1229C5-BDCF-4EA4-B19B-F56F27B558D0}.Debug|Any CPU.ActiveCfg = Debug|Any CPU
		{6E1229C5-BDCF-4EA4-B19B-F56F27B558D0}.Debug|Any CPU.Build.0 = Debug|Any CPU
		{6E1229C5-BDCF-4EA4-B19B-F56F27B558D0}.Release|Any CPU.ActiveCfg = Release|Any CPU
		{6E1229C5-BDCF-4EA4-B19B-F56F27B558D0}.Release|Any CPU.Build.0 = Release|Any CPU
		{9891D869-3CE6-41D9-A04F-E2CCD7F2DBBB}.Debug|Any CPU.ActiveCfg = Debug|Any CPU
		{9891D869-3CE6-41D9-A04F-E2CCD7F2DBBB}.Debug|Any CPU.Build.0 = Debug|Any CPU
		{9891D869-3CE6-41D9-A04F-E2CCD7F2DBBB}.Release|Any CPU.ActiveCfg = Release|Any CPU
		{9891D869-3CE6-41D9-A04F-E2CCD7F2DBBB}.Release|Any CPU.Build.0 = Release|Any CPU
		{CC72C58F-8170-4A36-BF8D-C2E55884EFF8}.Debug|Any CPU.ActiveCfg = Debug|Any CPU
		{CC72C58F-8170-4A36-BF8D-C2E55884EFF8}.Debug|Any CPU.Build.0 = Debug|Any CPU
		{CC72C58F-8170-4A36-BF8D-C2E55884EFF8}.Release|Any CPU.ActiveCfg = Release|Any CPU
		{CC72C58F-8170-4A36-BF8D-C2E55884EFF8}.Release|Any CPU.Build.0 = Release|Any CPU
		{B4945D05-1090-423D-97D4-27ED5611084E}.Debug|Any CPU.ActiveCfg = Debug|Any CPU
		{B4945D05-1090-423D-97D4-27ED5611084E}.Debug|Any CPU.Build.0 = Debug|Any CPU
		{B4945D05-1090-423D-97D4-27ED5611084E}.Release|Any CPU.ActiveCfg = Release|Any CPU
		{B4945D05-1090-423D-97D4-27ED5611084E}.Release|Any CPU.Build.0 = Release|Any CPU
		{C5CA8FB3-C8AD-46A9-B081-7A117BA6CA1A}.Debug|Any CPU.ActiveCfg = Debug|Any CPU
		{C5CA8FB3-C8AD-46A9-B081-7A117BA6CA1A}.Debug|Any CPU.Build.0 = Debug|Any CPU
		{C5CA8FB3-C8AD-46A9-B081-7A117BA6CA1A}.Release|Any CPU.ActiveCfg = Release|Any CPU
		{C5CA8FB3-C8AD-46A9-B081-7A117BA6CA1A}.Release|Any CPU.Build.0 = Release|Any CPU
	EndGlobalSection
	GlobalSection(SolutionProperties) = preSolution
		HideSolutionNode = FALSE
	EndGlobalSection
	GlobalSection(ExtensibilityGlobals) = postSolution
		SolutionGuid = {8668FAB1-2C96-4474-B751-75B00984CDF1}
	EndGlobalSection
EndGlobal
