
Microsoft Visual Studio Solution File, Format Version 12.00
# Visual Studio Version 17
VisualStudioVersion = 17.3.32929.385
MinimumVisualStudioVersion = 10.0.40219.1
Project("{FAE04EC0-301F-11D3-BF4B-00C04F79EFBC}") = "ConsoleTestCompteBanqu", "ConsoleTestCompteBanqu\ConsoleTestCompteBanqu.csproj", "{1D94D70A-69D5-4B03-8C17-9FE4A456A846}"
EndProject
Project("{FAE04EC0-301F-11D3-BF4B-00C04F79EFBC}") = "ClassLibrary", "ClassLibrary\ClassLibrary.csproj", "{0842BEF2-B935-4793-9821-7D5B4A0D6EAF}"
EndProject
Global
	GlobalSection(SolutionConfigurationPlatforms) = preSolution
		Debug|Any CPU = Debug|Any CPU
		Release|Any CPU = Release|Any CPU
	EndGlobalSection
	GlobalSection(ProjectConfigurationPlatforms) = postSolution
		{1D94D70A-69D5-4B03-8C17-9FE4A456A846}.Debug|Any CPU.ActiveCfg = Debug|Any CPU
		{1D94D70A-69D5-4B03-8C17-9FE4A456A846}.Debug|Any CPU.Build.0 = Debug|Any CPU
		{1D94D70A-69D5-4B03-8C17-9FE4A456A846}.Release|Any CPU.ActiveCfg = Release|Any CPU
		{1D94D70A-69D5-4B03-8C17-9FE4A456A846}.Release|Any CPU.Build.0 = Release|Any CPU
		{0842BEF2-B935-4793-9821-7D5B4A0D6EAF}.Debug|Any CPU.ActiveCfg = Debug|Any CPU
		{0842BEF2-B935-4793-9821-7D5B4A0D6EAF}.Debug|Any CPU.Build.0 = Debug|Any CPU
		{0842BEF2-B935-4793-9821-7D5B4A0D6EAF}.Release|Any CPU.ActiveCfg = Release|Any CPU
		{0842BEF2-B935-4793-9821-7D5B4A0D6EAF}.Release|Any CPU.Build.0 = Release|Any CPU
	EndGlobalSection
	GlobalSection(SolutionProperties) = preSolution
		HideSolutionNode = FALSE
	EndGlobalSection
	GlobalSection(ExtensibilityGlobals) = postSolution
		SolutionGuid = {DBDD05DB-2302-4AA3-93AB-1E91982C5871}
	EndGlobalSection
EndGlobal
